PODS:
  - AFNetworking (3.2.1):
    - AFNetworking/NSURLSession (= 3.2.1)
    - AFNetworking/Reachability (= 3.2.1)
    - AFNetworking/Security (= 3.2.1)
    - AFNetworking/Serialization (= 3.2.1)
    - AFNetworking/UIKit (= 3.2.1)
  - AFNetworking/NSURLSession (3.2.1):
    - AFNetworking/Reachability
    - AFNetworking/Security
    - AFNetworking/Serialization
  - AFNetworking/Reachability (3.2.1)
  - AFNetworking/Security (3.2.1)
  - AFNetworking/Serialization (3.2.1)
  - AFNetworking/UIKit (3.2.1):
    - AFNetworking/NSURLSession
  - IndoorLocation (1.0.4)
  - ManualIndoorLocationProvider (1.0.1):
    - IndoorLocation (~> 1.0)
  - Mapbox-iOS-SDK (4.0.0)
  - MapwizeForMapbox (1.4.2):
    - AFNetworking (= 3.2.1)
    - IndoorLocation (= 1.0.4)
    - Mapbox-iOS-SDK (= 4.0.0)
  - MotionDnaSDK (1.6.1)

DEPENDENCIES:
  - ManualIndoorLocationProvider (= 1.0.1)
  - Mapbox-iOS-SDK
  - MapwizeForMapbox (= 1.4.2)
  - MotionDnaSDK (from `https://github.com/navisens/iOS-SDK.git`)

EXTERNAL SOURCES:
  MotionDnaSDK:
    :git: https://github.com/navisens/iOS-SDK.git

CHECKOUT OPTIONS:
  MotionDnaSDK:
    :commit: 7dccac287d78c7015926f3d8dcaca40278043d10
    :git: https://github.com/navisens/iOS-SDK.git

SPEC CHECKSUMS:
  AFNetworking: b6f891fdfaed196b46c7a83cf209e09697b94057
  IndoorLocation: 9812c8c2d499ef25e6146ef90cf23f8d107213a8
  ManualIndoorLocationProvider: d88640a41b7ab0208de85e4197e8883afa2520f3
  Mapbox-iOS-SDK: 271754e96eb4434ba1b0a8c68432e1ea26fe9841
  MapwizeForMapbox: bcdc612c41bc930117ebf13c60554a6415a2eed1
  MotionDnaSDK: a8a7f3fb0446ed264240de7c55527d09cab6b5da

PODFILE CHECKSUM: bae3d97b57b1692ad8c481864d730c455a456bf8

COCOAPODS: 1.4.0
